
Microsoft Visual Studio Solution File, Format Version 12.00
# Visual Studio Version 17
VisualStudioVersion = 17.9.34622.214
MinimumVisualStudioVersion = 10.0.40219.1
Project("{8BC9CEB8-8B4A-11D0-8D11-00A0C91BC942}") = "GrayScaleImageProcessingRC1", "GrayScaleImageProcessingRC1.vcxproj", "{AF2D11AD-F5D8-40F1-8C40-110BA3BF431C}"
EndProject
Global
	GlobalSection(SolutionConfigurationPlatforms) = preSolution
		Debug|x64 = Debug|x64
		Debug|x86 = Debug|x86
		Release|x64 = Release|x64
		Release|x86 = Release|x86
	EndGlobalSection
	GlobalSection(ProjectConfigurationPlatforms) = postSolution
		{AF2D11AD-F5D8-40F1-8C40-110BA3BF431C}.Debug|x64.ActiveCfg = Debug|x64
		{AF2D11AD-F5D8-40F1-8C40-110BA3BF431C}.Debug|x64.Build.0 = Debug|x64
		{AF2D11AD-F5D8-40F1-8C40-110BA3BF431C}.Debug|x86.ActiveCfg = Debug|Win32
		{AF2D11AD-F5D8-40F1-8C40-110BA3BF431C}.Debug|x86.Build.0 = Debug|Win32
		{AF2D11AD-F5D8-40F1-8C40-110BA3BF431C}.Release|x64.ActiveCfg = Release|x64
		{AF2D11AD-F5D8-40F1-8C40-110BA3BF431C}.Release|x64.Build.0 = Release|x64
		{AF2D11AD-F5D8-40F1-8C40-110BA3BF431C}.Release|x86.ActiveCfg = Release|Win32
		{AF2D11AD-F5D8-40F1-8C40-110BA3BF431C}.Release|x86.Build.0 = Release|Win32
	EndGlobalSection
	GlobalSection(SolutionProperties) = preSolution
		HideSolutionNode = FALSE
	EndGlobalSection
	GlobalSection(ExtensibilityGlobals) = postSolution
		SolutionGuid = {7954D6CA-47BF-416C-AD70-5392474D8D43}
	EndGlobalSection
EndGlobal
