
Microsoft Visual Studio Solution File, Format Version 12.00
# Visual Studio Version 17
VisualStudioVersion = 17.9.34622.214
MinimumVisualStudioVersion = 10.0.40219.1
Project("{8BC9CEB8-8B4A-11D0-8D11-00A0C91BC942}") = "ColorImageProcessingVer2.0", "ColorImageProcessingVer2.0.vcxproj", "{0EF31C4A-D655-4A57-9695-0DFD80ED2B79}"
EndProject
Global
	GlobalSection(SolutionConfigurationPlatforms) = preSolution
		Debug|x64 = Debug|x64
		Debug|x86 = Debug|x86
		Release|x64 = Release|x64
		Release|x86 = Release|x86
	EndGlobalSection
	GlobalSection(ProjectConfigurationPlatforms) = postSolution
		{0EF31C4A-D655-4A57-9695-0DFD80ED2B79}.Debug|x64.ActiveCfg = Debug|x64
		{0EF31C4A-D655-4A57-9695-0DFD80ED2B79}.Debug|x64.Build.0 = Debug|x64
		{0EF31C4A-D655-4A57-9695-0DFD80ED2B79}.Debug|x86.ActiveCfg = Debug|Win32
		{0EF31C4A-D655-4A57-9695-0DFD80ED2B79}.Debug|x86.Build.0 = Debug|Win32
		{0EF31C4A-D655-4A57-9695-0DFD80ED2B79}.Release|x64.ActiveCfg = Release|x64
		{0EF31C4A-D655-4A57-9695-0DFD80ED2B79}.Release|x64.Build.0 = Release|x64
		{0EF31C4A-D655-4A57-9695-0DFD80ED2B79}.Release|x86.ActiveCfg = Release|Win32
		{0EF31C4A-D655-4A57-9695-0DFD80ED2B79}.Release|x86.Build.0 = Release|Win32
	EndGlobalSection
	GlobalSection(SolutionProperties) = preSolution
		HideSolutionNode = FALSE
	EndGlobalSection
	GlobalSection(ExtensibilityGlobals) = postSolution
		SolutionGuid = {9CD60B98-AFA9-4AC8-879F-A8C55D73554A}
	EndGlobalSection
EndGlobal
